
Microsoft Visual Studio Solution File, Format Version 12.00
# Visual Studio Version 17
VisualStudioVersion = 17.7.34031.279
MinimumVisualStudioVersion = 10.0.40219.1
Project("{9A19103F-16F7-4668-BE54-9A1E7A4F7556}") = "BasicImplementationDotNet", "BasicImplementationDotNet.csproj", "{2B457B75-0842-4565-A97B-6B5D51269AE5}"
EndProject
Global
	GlobalSection(SolutionConfigurationPlatforms) = preSolution
		Debug|Any CPU = Debug|Any CPU
		Release|Any CPU = Release|Any CPU
	EndGlobalSection
	GlobalSection(ProjectConfigurationPlatforms) = postSolution
		{2B457B75-0842-4565-A97B-6B5D51269AE5}.Debug|Any CPU.ActiveCfg = Debug|Any CPU
		{2B457B75-0842-4565-A97B-6B5D51269AE5}.Debug|Any CPU.Build.0 = Debug|Any CPU
		{2B457B75-0842-4565-A97B-6B5D51269AE5}.Release|Any CPU.ActiveCfg = Release|Any CPU
		{2B457B75-0842-4565-A97B-6B5D51269AE5}.Release|Any CPU.Build.0 = Release|Any CPU
	EndGlobalSection
	GlobalSection(SolutionProperties) = preSolution
		HideSolutionNode = FALSE
	EndGlobalSection
	GlobalSection(ExtensibilityGlobals) = postSolution
		SolutionGuid = {B8807F0E-7686-4090-8A6D-1DC0AB989A53}
	EndGlobalSection
EndGlobal
